
Microsoft Visual Studio Solution File, Format Version 12.00
# Visual Studio 15
VisualStudioVersion = 15.0.28307.572
MinimumVisualStudioVersion = 10.0.40219.1
Project("{FAE04EC0-301F-11D3-BF4B-00C04F79EFBC}") = "ConsoleAppArray", "ConsoleAppArray.csproj", "{FCDA4057-852F-497F-BAED-367FB53124FE}"
EndProject
Global
	GlobalSection(SolutionConfigurationPlatforms) = preSolution
		Debug|Any CPU = Debug|Any CPU
		Release|Any CPU = Release|Any CPU
	EndGlobalSection
	GlobalSection(ProjectConfigurationPlatforms) = postSolution
		{FCDA4057-852F-497F-BAED-367FB53124FE}.Debug|Any CPU.ActiveCfg = Debug|Any CPU
		{FCDA4057-852F-497F-BAED-367FB53124FE}.Debug|Any CPU.Build.0 = Debug|Any CPU
		{FCDA4057-852F-497F-BAED-367FB53124FE}.Release|Any CPU.ActiveCfg = Release|Any CPU
		{FCDA4057-852F-497F-BAED-367FB53124FE}.Release|Any CPU.Build.0 = Release|Any CPU
	EndGlobalSection
	GlobalSection(SolutionProperties) = preSolution
		HideSolutionNode = FALSE
	EndGlobalSection
	GlobalSection(ExtensibilityGlobals) = postSolution
		SolutionGuid = {E24A9D74-CF05-4793-894B-A989C0A02D6C}
	EndGlobalSection
EndGlobal
